{
  "name": "date-utils",
  "version": "1.0.0",
  "lockfileVersion": 3,
  "requires": true,
  "packages": {
    "": {
      "name": "date-utils",
      "version": "1.0.0",
      "license": "MIT",
      "devDependencies": {
        "jest": "^27.5.1"
      }
    },
    
    "node_modules/@jest/console": {
      "version": "27.5.1",
      "resolved": "https://registry.npmjs.org/@jest/console/-/console-27.5.1.tgz",
      "integrity": "sha512-kZ/tNpS3NXn0mlXXXPNuDZnb4c0oZ20r4K5eemM2k30ZC3G0T02nXUvyhf5YdbXWHPEJLc9qGLxEZ216MdL+Zg==",
      "dev": true,
      "dependencies": {
        "@jest/types": "^27.5.1",
        "@types/node": "*",
        "chalk": "^4.0.0",
        "jest-message-util": "^27.5.1",
        "jest-util": "^27.5.1",
        "slash": "^3.0.0"
      },
      "engines": {
        "node": "^10.13.0 || ^12.13.0 || ^14.15.0 || >=15.0.0"
      }
    },
    "node_modules/@jest/core": {
      "version": "27.5.1",
      "resolved": "https://registry.npmjs.org/@jest/core/-/core-27.5.1.tgz",
      "integrity": "sha512-AK6/UTrvQD0Cd24NSqmIA6rKsu0tKIxfiCducZvqxYdmMisOYAsdItspT+fQDQYARPf8XgjAFZi0ogW2agH5nQ==",
      "dev": true,
      "dependencies": {
        "@jest/console": "^27.5.1",
        "@jest/reporters": "^27.5.1",
        "@jest/test-result": "^27.5.1",
        "@jest/transform": "^27.5.1",
        "@jest/types": "^27.5.1",
        "@types/node": "*",
        "ansi-escapes": "^4.2.1",
        "chalk": "^4.0.0",
        "emittery": "^0.8.1",
        "exit": "^0.1.2",
        "graceful-fs": "^4.2.9",
        "jest-changed-files": "^27.5.1",
        "jest-config": "^27.5.1",
        "jest-haste-map": "^27.5.1",
        "jest-message-util": "^27.5.1",
        "jest-regex-util": "^27.5.1",
        "jest-resolve": "^27.5.1",
        "jest-resolve-dependencies": "^27.5.1",
        "jest-runner": "^27.5.1",
        "jest-runtime": "^27.5.1",
        "jest-snapshot": "^27.5.1",
        "jest-util": "^27.5.1",
        "jest-validate": "^27.5.1",
        "jest-watcher": "^27.5.1",
        "micromatch": "^4.0.4",
        "rimraf": "^3.0.0",
        "slash": "^3.0.0",
        "strip-ansi": "^6.0.0"
      },
      "engines": {
        "node": "^10.13.0 || ^12.13.0 || ^14.15.0 || >=15.0.0"
      },
      "peerDependencies": {
        "node-notifier": "^8.0.1 || ^9.0.0 || ^10.0.0"
      },
      "peerDependenciesMeta": {
        "node-notifier": {
          "optional": true
        }
      }
    },
    "node_modules/@jest/environment": {
      "version": "27.5.1",
      "resolved": "https://registry.npmjs.org/@jest/environment/-/environment-27.5.1.tgz",
      "integrity": "sha512-/WQjhPJe3/ghaol/4Bq480JKXV/Rfw8nQdN7f41fM8VDHLcxKXou6QyXAh3EFr9/bVG3x74z1NWDkP87EiY8gA==",
      "dev": true,
      "dependencies": {
        "@jest/fake-timers": "^27.5.1",
        "@jest/types": "^27.5.1",
        "@types/node": "*",
        "jest-mock": "^27.5.1"
      },
      "engines": {
        "node": "^10.13.0 || ^12.13.0 || ^14.15.0 || >=15.0.0"
      }
    },
    "node_modules/@jest/fake-timers": {
      "version": "27.5.1",
      "resolved": "https://registry.npmjs.org/@jest/fake-timers/-/fake-timers-27.5.1.tgz",
      "integrity": "sha512-/aPowoolwa07k7/oM3aASneNeBGCmGQsc3ugN4u6s4C/+s5M64MFo/+djTdiwcbQlRfFElGuDXWzaWj6QgKObQ==",
      "dev": true,
      "dependencies": {
        "@jest/types": "^27.5.1",
        "@sinonjs/fake-timers": "^8.0.1",
        "@types/node": "*",
        "jest-message-util": "^27.5.1",
        "jest-mock": "^27.5.1",
        "jest-util": "^27.5.1"
      },
      "engines": {
        "node": "^10.13.0 || ^12.13.0 || ^14.15.0 || >=15.0.0"
      }
    },
    "node_modules/@jest/globals": {
      "version": "27.5.1",
      "resolved": "https://registry.npmjs.org/@jest/globals/-/globals-27.5.1.tgz",
      "integrity": "sha512-ZEJNB41OBQQgGzgyInAv0UUfDDj3upmHydjieSxFvTRuZElrx7tXg/uVQ5hYVEwiXs3+aMsAeEc9X7xiSKCm4Q==",
      "dev": true,
      "dependencies": {
        "@jest/environment": "^27.5.1",
        "@jest/types": "^27.5.1",
        "expect": "^27.5.1"
      },
      "engines": {
        "node": "^10.13.0 || ^12.13.0 || ^14.15.0 || >=15.0.0"
      }
    },
    "node_modules/@jest/reporters": {
      "version": "27.5.1",
      "resolved": "https://registry.npmjs.org/@jest/reporters/-/reporters-27.5.1.tgz",
      "integrity": "sha512-cPXh9hWIlVJMQkVk84aIvXuBB4uQQmFqZiacloFuGiP3ah1sbCxCosidXFDfqG8+6fO1oR2dTJTlsOy4VFmUfw==",
      "dev": true,
      "dependencies": {
        "@bcoe/v8-coverage": "^0.2.3",
        "@jest/console": "^27.5.1",
        "@jest/test-result": "^27.5.1",
        "@jest/transform": "^27.5.1",
        "@jest/types": "^27.5.1",
        "@types/node": "*",
        "chalk": "^4.0.0",
        "collect-v8-coverage": "^1.0.0",
        "exit": "^0.1.2",
        "glob": "^7.1.2",
        "graceful-fs": "^4.2.9",
        "istanbul-lib-coverage": "^3.0.0",
        "istanbul-lib-instrument": "^5.1.0",
        "istanbul-lib-report": "^3.0.0",
        "istanbul-lib-source-maps": "^4.0.0",
        "istanbul-reports": "^3.1.3",
        "jest-haste-map": "^27.5.1",
        "jest-resolve": "^27.5.1",
        "jest-util": "^27.5.1",
        "jest-worker": "^27.5.1",
        "slash": "^3.0.0",
        "source-map": "^0.6.0",
        "string-length": "^4.0.1",
        "terminal-link": "^2.0.0",
        "v8-to-istanbul": "^8.1.0"
      },
      "engines": {
        "node": "^10.13.0 || ^12.13.0 || ^14.15.0 || >=15.0.0"
      },
      "peerDependencies": {
        "node-notifier": "^8.0.1 || ^9.0.0 || ^10.0.0"
      },
      "peerDependenciesMeta": {
        "node-notifier": {
          "optional": true
        }
      }
    },
    "node_modules/@jest/source-map": {
      "version": "27.5.1",
      "resolved": "https://registry.npmjs.org/@jest/source-map/-/source-map-27.5.1.tgz",
      "integrity": "sha512-y9NIHUYF3PJRlHk98NdC/N1gl88BL08aQQgu4k4ZopQkCw9t9cV8mtl3TV8b/YCB8XaVTFrmUTAJvjsntDireg==",
      "dev": true,
      "dependencies": {
        "callsites": "^3.0.0",
        "graceful-fs": "^4.2.9",
        "source-map": "^0.6.0"
      },
      "engines": {
        "node": "^10.13.0 || ^12.13.0 || ^14.15.0 || >=15.0.0"
      }
    },
    "node_modules/@jest/test-result": {
      "version": "27.5.1",
      "resolved": "https://registry.npmjs.org/@jest/test-result/-/test-result-27.5.1.tgz",
      "integrity": "sha512-EW35l2RYFUcUQxFJz5Cv5MTOxlJIQs4I7gxzi2zVU7PJhOwfYq1MdC5nhSmYjX1gmMmLPvB3sIaC+BkcHRBfag==",
      "dev": true,
      "dependencies": {
        "@jest/console": "^27.5.1",
        "@jest/types": "^27.5.1",
        "@types/istanbul-lib-coverage": "^2.0.0",
        "collect-v8-coverage": "^1.0.0"
      },
      "engines": {
        "node": "^10.13.0 || ^12.13.0 || ^14.15.0 || >=15.0.0"
      }
    },
    "node_modules/@jest/test-sequencer": {
      "version": "27.5.1",
      "resolved": "https://registry.npmjs.org/@jest/test-sequencer/-/test-sequencer-27.5.1.tgz",
      "integrity": "sha512-LCheJF7WB2+9JuCS7VB/EmGIdQuhtqjRNI9A43idHv3E4KltCTsPsLxvdaubFHSYwY/fNjMWjl6vNRhDiN7vpQ==",
      "dev": true,
      "dependencies": {
        "@jest/test-result": "^27.5.1",
        "graceful-fs": "^4.2.9",
        "jest-haste-map": "^27.5.1",
        "jest-runtime": "^27.5.1"
      },
      "engines": {
        "node": "^10.13.0 || ^12.13.0 || ^14.15.0 || >=15.0.0"
      }
    },
    "node_modules/@jest/transform": {
      "version": "27.5.1",
      "resolved": "https://registry.npmjs.org/@jest/transform/-/transform-27.5.1.tgz",
      "integrity": "sha512-ipON6WtYgl/1329g5AIJVbUuEh0wZVbdpGwC99Jw4LwuoBNS95MVphU6zOeD9pDkon+LLbFL7lOQRapbB8SCHw==",
      "dev": true,
      "dependencies": {
        "@babel/core": "^7.1.0",
        "@jest/types": "^27.5.1",
        "babel-plugin-istanbul": "^6.1.1",
        "chalk": "^4.0.0",
        "convert-source-map": "^1.4.0",
        "fast-json-stable-stringify": "^2.0.0",
        "graceful-fs": "^4.2.9",
        "jest-haste-map": "^27.5.1",
        "jest-regex-util": "^27.5.1",
        "jest-util": "^27.5.1",
        "micromatch": "^4.0.4",
        "pirates": "^4.0.4",
        "slash": "^3.0.0",
        "source-map": "^0.6.1",
        "write-file-atomic": "^3.0.0"
      },
      "engines": {
        "node": "^10.13.0 || ^12.13.0 || ^14.15.0 || >=15.0.0"
      }
    },
    "node_modules/@jest/types": {
      "version": "27.5.1",
      "resolved": "https://registry.npmjs.org/@jest/types/-/types-27.5.1.tgz",
      "integrity": "sha512-Cx46iJ9QpwQTjIdq5VJu2QTMMs3QlEjI0x1QbBP5W1+nMzyc2XmimiRR/CbX9TO0cPTeUlxWMOu8mslYsJ8DEw==",
      "dev": true,
      "dependencies": {
        "@types/istanbul-lib-coverage": "^2.0.0",
        "@types/istanbul-reports": "^3.0.0",
        "@types/node": "*",
        "@types/yargs": "^16.0.0",
        "chalk": "^4.0.0"
      },
      "engines": {
        "node": "^10.13.0 || ^12.13.0 || ^14.15.0 || >=15.0.0"
      }
    }
  }
}
